
Microsoft Visual Studio Solution File, Format Version 12.00
# Visual Studio Version 17
VisualStudioVersion = 17.14.36518.9 d17.14
MinimumVisualStudioVersion = 10.0.40219.1
Project("{FAE04EC0-301F-11D3-BF4B-00C04F79EFBC}") = "2-3tree", "2-3tree.csproj", "{A900AE57-84DB-4977-93E0-E52BE6E2CFAC}"
EndProject
Global
	GlobalSection(SolutionConfigurationPlatforms) = preSolution
		Debug|Any CPU = Debug|Any CPU
		Release|Any CPU = Release|Any CPU
	EndGlobalSection
	GlobalSection(ProjectConfigurationPlatforms) = postSolution
		{A900AE57-84DB-4977-93E0-E52BE6E2CFAC}.Debug|Any CPU.ActiveCfg = Debug|Any CPU
		{A900AE57-84DB-4977-93E0-E52BE6E2CFAC}.Debug|Any CPU.Build.0 = Debug|Any CPU
		{A900AE57-84DB-4977-93E0-E52BE6E2CFAC}.Release|Any CPU.ActiveCfg = Release|Any CPU
		{A900AE57-84DB-4977-93E0-E52BE6E2CFAC}.Release|Any CPU.Build.0 = Release|Any CPU
	EndGlobalSection
	GlobalSection(SolutionProperties) = preSolution
		HideSolutionNode = FALSE
	EndGlobalSection
	GlobalSection(ExtensibilityGlobals) = postSolution
		SolutionGuid = {DAA6599F-A12D-4BFE-AE1B-F9D28134B13B}
	EndGlobalSection
EndGlobal
